{
  "nodes": {
    "cleanslate": {
      "inputs": {
        "disko": "disko",
        "flake-file": "flake-file",
        "flake-parts": "flake-parts",
        "impermanence": "impermanence",
        "import-tree": "import-tree",
        "nixpkgs": [
          "nixpkgs"
        ],
        "nixpkgs-lib": [
          "cleanslate",
          "nixpkgs"
        ],
        "systems": "systems"
      },
      "locked": {
        "lastModified": 1768360740,
        "narHash": "sha256-rhf2QYdzL6jw3kQrps4NIS8WWLf48jNYuCmG1ft2P00=",
        "owner": "alex-kumpula",
        "repo": "nixos-cleanslate",
        "rev": "a73ec9ba92656e8571cb04b0bc8a1584665fc70c",
        "type": "github"
      },
      "original": {
        "owner": "alex-kumpula",
        "repo": "nixos-cleanslate",
        "type": "github"
      }
    },
    "dgop": {
      "inputs": {
        "nixpkgs": [
          "xalaynixDesktop",
          "dms",
          "nixpkgs"
        ]
      },
      "locked": {
        "lastModified": 1762835999,
        "narHash": "sha256-UykYGrGFOFTmDpKTLNxj1wvd1gbDG4TkqLNSbV0TYwk=",
        "owner": "AvengeMedia",
        "repo": "dgop",
        "rev": "799301991cd5dcea9b64245f9d500dcc76615653",
        "type": "github"
      },
      "original": {
        "owner": "AvengeMedia",
        "repo": "dgop",
        "type": "github"
      }
    },
    "disko": {
      "inputs": {
        "nixpkgs": [
          "cleanslate",
          "nixpkgs"
        ]
      },
      "locked": {
        "lastModified": 1766150702,
        "narHash": "sha256-P0kM+5o+DKnB6raXgFEk3azw8Wqg5FL6wyl9jD+G5a4=",
        "owner": "nix-community",
        "repo": "disko",
        "rev": "916506443ecd0d0b4a0f4cf9d40a3c22ce39b378",
        "type": "github"
      },
      "original": {
        "owner": "nix-community",
        "repo": "disko",
        "type": "github"
      }
    },
    "disko_2": {
      "inputs": {
        "nixpkgs": [
          "nixpkgs"
        ]
      },
      "locked": {
        "lastModified": 1768923567,
        "narHash": "sha256-GVJ0jKsyXLuBzRMXCDY6D5J8wVdwP1DuQmmvYL/Vw/Q=",
        "owner": "nix-community",
        "repo": "disko",
        "rev": "00395d188e3594a1507f214a2f15d4ce5c07cb28",
        "type": "github"
      },
      "original": {
        "owner": "nix-community",
        "repo": "disko",
        "type": "github"
      }
    },
    "disko_3": {
      "inputs": {
        "nixpkgs": [
          "xalaynix",
          "nixpkgs"
        ]
      },
      "locked": {
        "lastModified": 1768923567,
        "narHash": "sha256-GVJ0jKsyXLuBzRMXCDY6D5J8wVdwP1DuQmmvYL/Vw/Q=",
        "owner": "nix-community",
        "repo": "disko",
        "rev": "00395d188e3594a1507f214a2f15d4ce5c07cb28",
        "type": "github"
      },
      "original": {
        "owner": "nix-community",
        "repo": "disko",
        "type": "github"
      }
    },
    "dms": {
      "inputs": {
        "nixpkgs": [
          "xalaynix",
          "nixpkgs"
        ],
        "quickshell": "quickshell"
      },
      "locked": {
        "lastModified": 1768575133,
        "narHash": "sha256-P//moH3z9r4PXirTzXVsccQINsK5AIlF9RWOBwK3vLc=",
        "owner": "AvengeMedia",
        "repo": "DankMaterialShell",
        "rev": "a7cdb39b0b89b9af86160ad4e847a7d14ea44512",
        "type": "github"
      },
      "original": {
        "owner": "AvengeMedia",
        "ref": "stable",
        "repo": "DankMaterialShell",
        "type": "github"
      }
    },
    "dms_2": {
      "inputs": {
        "dgop": "dgop",
        "nixpkgs": [
          "xalaynixDesktop",
          "nixpkgs"
        ],
        "quickshell": "quickshell_2"
      },
      "locked": {
        "lastModified": 1766772841,
        "narHash": "sha256-neqePybiW86SV6rQleYalo4oHcj8eHT6AQF5eqUFYSg=",
        "owner": "AvengeMedia",
        "repo": "DankMaterialShell",
        "rev": "1926db95deb5235f4684f1cf1b87fe33ce9abc79",
        "type": "github"
      },
      "original": {
        "owner": "AvengeMedia",
        "ref": "stable",
        "repo": "DankMaterialShell",
        "type": "github"
      }
    },
    "flake-file": {
      "locked": {
        "lastModified": 1763763269,
        "narHash": "sha256-i49Qkjy5TD5IPOp7lcqD5Bh47+FCFnJHNfn/Di/ysYU=",
        "owner": "vic",
        "repo": "flake-file",
        "rev": "af92ed37624496a435da68e5597f9a6593cdf0c4",
        "type": "github"
      },
      "original": {
        "owner": "vic",
        "repo": "flake-file",
        "type": "github"
      }
    },
    "flake-file_2": {
      "locked": {
        "lastModified": 1763763269,
        "narHash": "sha256-i49Qkjy5TD5IPOp7lcqD5Bh47+FCFnJHNfn/Di/ysYU=",
        "owner": "vic",
        "repo": "flake-file",
        "rev": "af92ed37624496a435da68e5597f9a6593cdf0c4",
        "type": "github"
      },
      "original": {
        "owner": "vic",
        "repo": "flake-file",
        "type": "github"
      }
    },
    "flake-file_3": {
      "locked": {
        "lastModified": 1763763269,
        "narHash": "sha256-i49Qkjy5TD5IPOp7lcqD5Bh47+FCFnJHNfn/Di/ysYU=",
        "owner": "vic",
        "repo": "flake-file",
        "rev": "af92ed37624496a435da68e5597f9a6593cdf0c4",
        "type": "github"
      },
      "original": {
        "owner": "vic",
        "repo": "flake-file",
        "type": "github"
      }
    },
    "flake-file_4": {
      "locked": {
        "lastModified": 1763763269,
        "narHash": "sha256-i49Qkjy5TD5IPOp7lcqD5Bh47+FCFnJHNfn/Di/ysYU=",
        "owner": "vic",
        "repo": "flake-file",
        "rev": "af92ed37624496a435da68e5597f9a6593cdf0c4",
        "type": "github"
      },
      "original": {
        "owner": "vic",
        "repo": "flake-file",
        "type": "github"
      }
    },
    "flake-parts": {
      "inputs": {
        "nixpkgs-lib": [
          "cleanslate",
          "nixpkgs-lib"
        ]
      },
      "locked": {
        "lastModified": 1765835352,
        "narHash": "sha256-XswHlK/Qtjasvhd1nOa1e8MgZ8GS//jBoTqWtrS1Giw=",
        "owner": "hercules-ci",
        "repo": "flake-parts",
        "rev": "a34fae9c08a15ad73f295041fec82323541400a9",
        "type": "github"
      },
      "original": {
        "owner": "hercules-ci",
        "repo": "flake-parts",
        "type": "github"
      }
    },
    "flake-parts_2": {
      "inputs": {
        "nixpkgs-lib": [
          "nixpkgs-lib"
        ]
      },
      "locked": {
        "lastModified": 1768135262,
        "narHash": "sha256-PVvu7OqHBGWN16zSi6tEmPwwHQ4rLPU9Plvs8/1TUBY=",
        "owner": "hercules-ci",
        "repo": "flake-parts",
        "rev": "80daad04eddbbf5a4d883996a73f3f542fa437ac",
        "type": "github"
      },
      "original": {
        "owner": "hercules-ci",
        "repo": "flake-parts",
        "type": "github"
      }
    },
    "flake-parts_3": {
      "inputs": {
        "nixpkgs-lib": [
          "xalaynix",
          "nixpkgs-lib"
        ]
      },
      "locked": {
        "lastModified": 1768135262,
        "narHash": "sha256-PVvu7OqHBGWN16zSi6tEmPwwHQ4rLPU9Plvs8/1TUBY=",
        "owner": "hercules-ci",
        "repo": "flake-parts",
        "rev": "80daad04eddbbf5a4d883996a73f3f542fa437ac",
        "type": "github"
      },
      "original": {
        "owner": "hercules-ci",
        "repo": "flake-parts",
        "type": "github"
      }
    },
    "flake-parts_4": {
      "inputs": {
        "nixpkgs-lib": [
          "xalaynixDesktop",
          "nixpkgs-lib"
        ]
      },
      "locked": {
        "lastModified": 1767609335,
        "narHash": "sha256-feveD98mQpptwrAEggBQKJTYbvwwglSbOv53uCfH9PY=",
        "owner": "hercules-ci",
        "repo": "flake-parts",
        "rev": "250481aafeb741edfe23d29195671c19b36b6dca",
        "type": "github"
      },
      "original": {
        "owner": "hercules-ci",
        "repo": "flake-parts",
        "type": "github"
      }
    },
    "home-manager": {
      "inputs": {
        "nixpkgs": [
          "nixpkgs"
        ]
      },
      "locked": {
        "lastModified": 1768949235,
        "narHash": "sha256-TtjKgXyg1lMfh374w5uxutd6Vx2P/hU81aEhTxrO2cg=",
        "owner": "nix-community",
        "repo": "home-manager",
        "rev": "75ed713570ca17427119e7e204ab3590cc3bf2a5",
        "type": "github"
      },
      "original": {
        "owner": "nix-community",
        "ref": "release-25.11",
        "repo": "home-manager",
        "type": "github"
      }
    },
    "home-manager_2": {
      "inputs": {
        "nixpkgs": [
          "impermanence",
          "nixpkgs"
        ]
      },
      "locked": {
        "lastModified": 1768598210,
        "narHash": "sha256-kkgA32s/f4jaa4UG+2f8C225Qvclxnqs76mf8zvTVPg=",
        "owner": "nix-community",
        "repo": "home-manager",
        "rev": "c47b2cc64a629f8e075de52e4742de688f930dc6",
        "type": "github"
      },
      "original": {
        "owner": "nix-community",
        "repo": "home-manager",
        "type": "github"
      }
    },
    "home-manager_3": {
      "inputs": {
        "nixpkgs": [
          "xalaynix",
          "nixpkgs"
        ]
      },
      "locked": {
        "lastModified": 1768949235,
        "narHash": "sha256-TtjKgXyg1lMfh374w5uxutd6Vx2P/hU81aEhTxrO2cg=",
        "owner": "nix-community",
        "repo": "home-manager",
        "rev": "75ed713570ca17427119e7e204ab3590cc3bf2a5",
        "type": "github"
      },
      "original": {
        "owner": "nix-community",
        "ref": "release-25.11",
        "repo": "home-manager",
        "type": "github"
      }
    },
    "home-manager_4": {
      "inputs": {
        "nixpkgs": [
          "xalaynixDesktop",
          "nixpkgs"
        ]
      },
      "locked": {
        "lastModified": 1767780135,
        "narHash": "sha256-5SbmsLMgxzPd9YMbFR4IHfOXv6bjWs+dfl6IbSq3r7s=",
        "owner": "nix-community",
        "repo": "home-manager",
        "rev": "c08430923ed417abc653884328a39e98496cfd0f",
        "type": "github"
      },
      "original": {
        "owner": "nix-community",
        "ref": "release-25.11",
        "repo": "home-manager",
        "type": "github"
      }
    },
    "impermanence": {
      "locked": {
        "lastModified": 1737831083,
        "narHash": "sha256-LJggUHbpyeDvNagTUrdhe/pRVp4pnS6wVKALS782gRI=",
        "owner": "nix-community",
        "repo": "impermanence",
        "rev": "4b3e914cdf97a5b536a889e939fb2fd2b043a170",
        "type": "github"
      },
      "original": {
        "owner": "nix-community",
        "repo": "impermanence",
        "type": "github"
      }
    },
    "impermanence_2": {
      "inputs": {
        "home-manager": "home-manager_2",
        "nixpkgs": "nixpkgs"
      },
      "locked": {
        "lastModified": 1768941735,
        "narHash": "sha256-OyxsfXNcOkt06/kM+4bnuC8moDx+t7Qr+RB0BBa83Ig=",
        "owner": "nix-community",
        "repo": "impermanence",
        "rev": "69ecf31e8fddc9354a4b418f3a517445d486bb54",
        "type": "github"
      },
      "original": {
        "owner": "nix-community",
        "repo": "impermanence",
        "type": "github"
      }
    },
    "import-tree": {
      "locked": {
        "lastModified": 1763762820,
        "narHash": "sha256-ZvYKbFib3AEwiNMLsejb/CWs/OL/srFQ8AogkebEPF0=",
        "owner": "vic",
        "repo": "import-tree",
        "rev": "3c23749d8013ec6daa1d7255057590e9ca726646",
        "type": "github"
      },
      "original": {
        "owner": "vic",
        "repo": "import-tree",
        "type": "github"
      }
    },
    "import-tree_2": {
      "locked": {
        "lastModified": 1763762820,
        "narHash": "sha256-ZvYKbFib3AEwiNMLsejb/CWs/OL/srFQ8AogkebEPF0=",
        "owner": "vic",
        "repo": "import-tree",
        "rev": "3c23749d8013ec6daa1d7255057590e9ca726646",
        "type": "github"
      },
      "original": {
        "owner": "vic",
        "repo": "import-tree",
        "type": "github"
      }
    },
    "import-tree_3": {
      "locked": {
        "lastModified": 1763762820,
        "narHash": "sha256-ZvYKbFib3AEwiNMLsejb/CWs/OL/srFQ8AogkebEPF0=",
        "owner": "vic",
        "repo": "import-tree",
        "rev": "3c23749d8013ec6daa1d7255057590e9ca726646",
        "type": "github"
      },
      "original": {
        "owner": "vic",
        "repo": "import-tree",
        "type": "github"
      }
    },
    "import-tree_4": {
      "locked": {
        "lastModified": 1763762820,
        "narHash": "sha256-ZvYKbFib3AEwiNMLsejb/CWs/OL/srFQ8AogkebEPF0=",
        "owner": "vic",
        "repo": "import-tree",
        "rev": "3c23749d8013ec6daa1d7255057590e9ca726646",
        "type": "github"
      },
      "original": {
        "owner": "vic",
        "repo": "import-tree",
        "type": "github"
      }
    },
    "nixpkgs": {
      "locked": {
        "lastModified": 1768564909,
        "narHash": "sha256-Kell/SpJYVkHWMvnhqJz/8DqQg2b6PguxVWOuadbHCc=",
        "owner": "nixos",
        "repo": "nixpkgs",
        "rev": "e4bae1bd10c9c57b2cf517953ab70060a828ee6f",
        "type": "github"
      },
      "original": {
        "owner": "nixos",
        "ref": "nixos-unstable",
        "repo": "nixpkgs",
        "type": "github"
      }
    },
    "nixpkgs_2": {
      "locked": {
        "lastModified": 1768940263,
        "narHash": "sha256-sJERJIYTKPFXkoz/gBaBtRKke82h4DkX3BBSsKbfbvI=",
        "owner": "NixOS",
        "repo": "nixpkgs",
        "rev": "3ceaaa8bc963ced4d830e06ea2d0863b6490ff03",
        "type": "github"
      },
      "original": {
        "owner": "NixOS",
        "ref": "nixos-25.11",
        "repo": "nixpkgs",
        "type": "github"
      }
    },
    "quickshell": {
      "inputs": {
        "nixpkgs": [
          "xalaynix",
          "dms",
          "nixpkgs"
        ]
      },
      "locked": {
        "lastModified": 1766725085,
        "narHash": "sha256-O2aMFdDUYJazFrlwL7aSIHbUSEm3ADVZjmf41uBJfHs=",
        "ref": "refs/heads/master",
        "rev": "41828c4180fb921df7992a5405f5ff05d2ac2fff",
        "revCount": 715,
        "type": "git",
        "url": "https://git.outfoxxed.me/quickshell/quickshell"
      },
      "original": {
        "rev": "41828c4180fb921df7992a5405f5ff05d2ac2fff",
        "type": "git",
        "url": "https://git.outfoxxed.me/quickshell/quickshell"
      }
    },
    "quickshell_2": {
      "inputs": {
        "nixpkgs": [
          "xalaynixDesktop",
          "dms",
          "nixpkgs"
        ]
      },
      "locked": {
        "lastModified": 1764663772,
        "narHash": "sha256-sHqLmm0wAt3PC4vczJeBozI1/f4rv9yp3IjkClHDXDs=",
        "ref": "refs/heads/master",
        "rev": "26531fc46ef17e9365b03770edd3fb9206fcb460",
        "revCount": 713,
        "type": "git",
        "url": "https://git.outfoxxed.me/quickshell/quickshell"
      },
      "original": {
        "rev": "26531fc46ef17e9365b03770edd3fb9206fcb460",
        "type": "git",
        "url": "https://git.outfoxxed.me/quickshell/quickshell"
      }
    },
    "root": {
      "inputs": {
        "cleanslate": "cleanslate",
        "disko": "disko_2",
        "flake-file": "flake-file_2",
        "flake-parts": "flake-parts_2",
        "home-manager": "home-manager",
        "impermanence": "impermanence_2",
        "import-tree": "import-tree_2",
        "nixpkgs": "nixpkgs_2",
        "nixpkgs-lib": [
          "nixpkgs"
        ],
        "systems": "systems_2",
        "xalaynix": "xalaynix",
        "xalaynixDesktop": "xalaynixDesktop"
      }
    },
    "systems": {
      "locked": {
        "lastModified": 1681028828,
        "narHash": "sha256-Vy1rq5AaRuLzOxct8nz4T6wlgyUR7zLU309k9mBC768=",
        "owner": "nix-systems",
        "repo": "default",
        "rev": "da67096a3b9bf56a91d16901293e51ba5b49a27e",
        "type": "github"
      },
      "original": {
        "owner": "nix-systems",
        "repo": "default",
        "type": "github"
      }
    },
    "systems_2": {
      "locked": {
        "lastModified": 1681028828,
        "narHash": "sha256-Vy1rq5AaRuLzOxct8nz4T6wlgyUR7zLU309k9mBC768=",
        "owner": "nix-systems",
        "repo": "default",
        "rev": "da67096a3b9bf56a91d16901293e51ba5b49a27e",
        "type": "github"
      },
      "original": {
        "owner": "nix-systems",
        "repo": "default",
        "type": "github"
      }
    },
    "systems_3": {
      "locked": {
        "lastModified": 1681028828,
        "narHash": "sha256-Vy1rq5AaRuLzOxct8nz4T6wlgyUR7zLU309k9mBC768=",
        "owner": "nix-systems",
        "repo": "default",
        "rev": "da67096a3b9bf56a91d16901293e51ba5b49a27e",
        "type": "github"
      },
      "original": {
        "owner": "nix-systems",
        "repo": "default",
        "type": "github"
      }
    },
    "systems_4": {
      "locked": {
        "lastModified": 1681028828,
        "narHash": "sha256-Vy1rq5AaRuLzOxct8nz4T6wlgyUR7zLU309k9mBC768=",
        "owner": "nix-systems",
        "repo": "default",
        "rev": "da67096a3b9bf56a91d16901293e51ba5b49a27e",
        "type": "github"
      },
      "original": {
        "owner": "nix-systems",
        "repo": "default",
        "type": "github"
      }
    },
    "xalaynix": {
      "inputs": {
        "disko": "disko_3",
        "dms": "dms",
        "flake-file": "flake-file_3",
        "flake-parts": "flake-parts_3",
        "home-manager": "home-manager_3",
        "import-tree": "import-tree_3",
        "nixpkgs": [
          "nixpkgs"
        ],
        "nixpkgs-lib": [
          "xalaynix",
          "nixpkgs"
        ],
        "systems": "systems_3"
      },
      "locked": {
        "lastModified": 1769054897,
        "narHash": "sha256-GiXUzN/cX0t/HKbJn6XE6wUKlHGN18VnU0QK+3nMrf8=",
        "owner": "alex-kumpula",
        "repo": "xalaynix-modules",
        "rev": "b8dc5448724ede446b0ad3a8cfe096d139e204d5",
        "type": "github"
      },
      "original": {
        "owner": "alex-kumpula",
        "repo": "xalaynix-modules",
        "type": "github"
      }
    },
    "xalaynixDesktop": {
      "inputs": {
        "dms": "dms_2",
        "flake-file": "flake-file_4",
        "flake-parts": "flake-parts_4",
        "home-manager": "home-manager_4",
        "import-tree": "import-tree_4",
        "nixpkgs": [
          "nixpkgs"
        ],
        "nixpkgs-lib": [
          "xalaynixDesktop",
          "nixpkgs"
        ],
        "systems": "systems_4"
      },
      "locked": {
        "lastModified": 1768020305,
        "narHash": "sha256-BGMWV79sDHaOIyPCxoDsqM55rsSqOTJMeanbdKMKkBI=",
        "owner": "alex-kumpula",
        "repo": "xalaynix-desktop",
        "rev": "4952e229604e6dd0770844030b90530ef19024e1",
        "type": "github"
      },
      "original": {
        "owner": "alex-kumpula",
        "repo": "xalaynix-desktop",
        "type": "github"
      }
    }
  },
  "root": "root",
  "version": 7
}
