{
  "nodes": {
    "cleanslate": {
      "inputs": {
        "disko": "disko",
        "flake-file": "flake-file",
        "flake-parts": "flake-parts",
        "impermanence": "impermanence",
        "import-tree": "import-tree",
        "nixpkgs": [
          "nixpkgs"
        ],
        "nixpkgs-lib": [
          "cleanslate",
          "nixpkgs"
        ],
        "systems": "systems"
      },
      "locked": {
        "lastModified": 1778651651,
        "narHash": "sha256-c7GDlnNxrKZrOTyRySPhQfb8C4SvsC7+pA7JwA3QCrI=",
        "owner": "alex-kumpula",
        "repo": "nixos-cleanslate",
        "rev": "3f41e45f7deb2a458c1b1b6058a767f9bfb29900",
        "type": "github"
      },
      "original": {
        "owner": "alex-kumpula",
        "repo": "nixos-cleanslate",
        "type": "github"
      }
    },
    "dgop": {
      "inputs": {
        "nixpkgs": [
          "xalaynix",
          "nixpkgs"
        ]
      },
      "locked": {
        "lastModified": 1776181116,
        "narHash": "sha256-aUNKF+jzGY+jRlR7Bp82v/zNHdI9bFELLuYYWbaM6fo=",
        "owner": "AvengeMedia",
        "repo": "dgop",
        "rev": "e2078a7c5620be2e4897e7dabc08ade6dac9a454",
        "type": "github"
      },
      "original": {
        "owner": "AvengeMedia",
        "repo": "dgop",
        "type": "github"
      }
    },
    "dgop_2": {
      "inputs": {
        "nixpkgs": [
          "xalaynix",
          "xalaynix-wrappers",
          "nixpkgs"
        ]
      },
      "locked": {
        "lastModified": 1776181116,
        "narHash": "sha256-aUNKF+jzGY+jRlR7Bp82v/zNHdI9bFELLuYYWbaM6fo=",
        "owner": "AvengeMedia",
        "repo": "dgop",
        "rev": "e2078a7c5620be2e4897e7dabc08ade6dac9a454",
        "type": "github"
      },
      "original": {
        "owner": "AvengeMedia",
        "repo": "dgop",
        "type": "github"
      }
    },
    "dgop_3": {
      "inputs": {
        "nixpkgs": [
          "xalaynixDesktop",
          "dms",
          "nixpkgs"
        ]
      },
      "locked": {
        "lastModified": 1762835999,
        "narHash": "sha256-UykYGrGFOFTmDpKTLNxj1wvd1gbDG4TkqLNSbV0TYwk=",
        "owner": "AvengeMedia",
        "repo": "dgop",
        "rev": "799301991cd5dcea9b64245f9d500dcc76615653",
        "type": "github"
      },
      "original": {
        "owner": "AvengeMedia",
        "repo": "dgop",
        "type": "github"
      }
    },
    "disko": {
      "inputs": {
        "nixpkgs": [
          "cleanslate",
          "nixpkgs"
        ]
      },
      "locked": {
        "lastModified": 1766150702,
        "narHash": "sha256-P0kM+5o+DKnB6raXgFEk3azw8Wqg5FL6wyl9jD+G5a4=",
        "owner": "nix-community",
        "repo": "disko",
        "rev": "916506443ecd0d0b4a0f4cf9d40a3c22ce39b378",
        "type": "github"
      },
      "original": {
        "owner": "nix-community",
        "repo": "disko",
        "type": "github"
      }
    },
    "disko_2": {
      "inputs": {
        "nixpkgs": [
          "nixpkgs"
        ]
      },
      "locked": {
        "lastModified": 1777713215,
        "narHash": "sha256-8GzXDOXckDWwST8TY5DbwYFjdvQLlP7K9CLSVx6iTTo=",
        "owner": "nix-community",
        "repo": "disko",
        "rev": "63b4e7e6cf75307c1d26ac3762b886b5b0247267",
        "type": "github"
      },
      "original": {
        "owner": "nix-community",
        "repo": "disko",
        "type": "github"
      }
    },
    "disko_3": {
      "inputs": {
        "nixpkgs": [
          "xalaynix",
          "nixpkgs"
        ]
      },
      "locked": {
        "lastModified": 1777713215,
        "narHash": "sha256-8GzXDOXckDWwST8TY5DbwYFjdvQLlP7K9CLSVx6iTTo=",
        "owner": "nix-community",
        "repo": "disko",
        "rev": "63b4e7e6cf75307c1d26ac3762b886b5b0247267",
        "type": "github"
      },
      "original": {
        "owner": "nix-community",
        "repo": "disko",
        "type": "github"
      }
    },
    "dms": {
      "inputs": {
        "nixpkgs": [
          "xalaynix",
          "nixpkgs"
        ],
        "quickshell": "quickshell"
      },
      "locked": {
        "lastModified": 1777431599,
        "narHash": "sha256-g6r/Gx8PTDzO3jCNzzySA+Ff1lmLF9nDlMCNyyoQjoE=",
        "owner": "AvengeMedia",
        "repo": "DankMaterialShell",
        "rev": "eb5afcdc40ea5446c27e18552ff4a19f9daf9484",
        "type": "github"
      },
      "original": {
        "owner": "AvengeMedia",
        "ref": "stable",
        "repo": "DankMaterialShell",
        "type": "github"
      }
    },
    "dms_2": {
      "inputs": {
        "nixpkgs": [
          "xalaynix",
          "xalaynix-wrappers",
          "nixpkgs"
        ],
        "quickshell": "quickshell_2"
      },
      "locked": {
        "lastModified": 1777431599,
        "narHash": "sha256-g6r/Gx8PTDzO3jCNzzySA+Ff1lmLF9nDlMCNyyoQjoE=",
        "owner": "AvengeMedia",
        "repo": "DankMaterialShell",
        "rev": "eb5afcdc40ea5446c27e18552ff4a19f9daf9484",
        "type": "github"
      },
      "original": {
        "owner": "AvengeMedia",
        "ref": "stable",
        "repo": "DankMaterialShell",
        "type": "github"
      }
    },
    "dms_3": {
      "inputs": {
        "dgop": "dgop_3",
        "nixpkgs": [
          "xalaynixDesktop",
          "nixpkgs"
        ],
        "quickshell": "quickshell_3"
      },
      "locked": {
        "lastModified": 1766772841,
        "narHash": "sha256-neqePybiW86SV6rQleYalo4oHcj8eHT6AQF5eqUFYSg=",
        "owner": "AvengeMedia",
        "repo": "DankMaterialShell",
        "rev": "1926db95deb5235f4684f1cf1b87fe33ce9abc79",
        "type": "github"
      },
      "original": {
        "owner": "AvengeMedia",
        "ref": "stable",
        "repo": "DankMaterialShell",
        "type": "github"
      }
    },
    "flake-file": {
      "locked": {
        "lastModified": 1763763269,
        "narHash": "sha256-i49Qkjy5TD5IPOp7lcqD5Bh47+FCFnJHNfn/Di/ysYU=",
        "owner": "vic",
        "repo": "flake-file",
        "rev": "af92ed37624496a435da68e5597f9a6593cdf0c4",
        "type": "github"
      },
      "original": {
        "owner": "vic",
        "repo": "flake-file",
        "type": "github"
      }
    },
    "flake-file_2": {
      "locked": {
        "lastModified": 1777679829,
        "narHash": "sha256-zQxY90pq7BDbeimAiOfuK2U0huzo6oHOiC8zEpRgsbQ=",
        "owner": "vic",
        "repo": "flake-file",
        "rev": "04ca28cf570276e70a9a5f694791ab2a60f1f300",
        "type": "github"
      },
      "original": {
        "owner": "vic",
        "repo": "flake-file",
        "type": "github"
      }
    },
    "flake-file_3": {
      "locked": {
        "lastModified": 1777679829,
        "narHash": "sha256-zQxY90pq7BDbeimAiOfuK2U0huzo6oHOiC8zEpRgsbQ=",
        "owner": "vic",
        "repo": "flake-file",
        "rev": "04ca28cf570276e70a9a5f694791ab2a60f1f300",
        "type": "github"
      },
      "original": {
        "owner": "vic",
        "repo": "flake-file",
        "type": "github"
      }
    },
    "flake-file_4": {
      "locked": {
        "lastModified": 1777679829,
        "narHash": "sha256-zQxY90pq7BDbeimAiOfuK2U0huzo6oHOiC8zEpRgsbQ=",
        "owner": "vic",
        "repo": "flake-file",
        "rev": "04ca28cf570276e70a9a5f694791ab2a60f1f300",
        "type": "github"
      },
      "original": {
        "owner": "vic",
        "repo": "flake-file",
        "type": "github"
      }
    },
    "flake-file_5": {
      "locked": {
        "lastModified": 1763763269,
        "narHash": "sha256-i49Qkjy5TD5IPOp7lcqD5Bh47+FCFnJHNfn/Di/ysYU=",
        "owner": "vic",
        "repo": "flake-file",
        "rev": "af92ed37624496a435da68e5597f9a6593cdf0c4",
        "type": "github"
      },
      "original": {
        "owner": "vic",
        "repo": "flake-file",
        "type": "github"
      }
    },
    "flake-parts": {
      "inputs": {
        "nixpkgs-lib": [
          "cleanslate",
          "nixpkgs-lib"
        ]
      },
      "locked": {
        "lastModified": 1765835352,
        "narHash": "sha256-XswHlK/Qtjasvhd1nOa1e8MgZ8GS//jBoTqWtrS1Giw=",
        "owner": "hercules-ci",
        "repo": "flake-parts",
        "rev": "a34fae9c08a15ad73f295041fec82323541400a9",
        "type": "github"
      },
      "original": {
        "owner": "hercules-ci",
        "repo": "flake-parts",
        "type": "github"
      }
    },
    "flake-parts_2": {
      "inputs": {
        "nixpkgs-lib": [
          "nixpkgs-lib"
        ]
      },
      "locked": {
        "lastModified": 1777988971,
        "narHash": "sha256-qIoWPDs+0/8JecyYgE3gpKQxW/4bLW/gp45vow9ioCQ=",
        "owner": "hercules-ci",
        "repo": "flake-parts",
        "rev": "0678d8986be1661af6bb555f3489f2fdfc31f6ff",
        "type": "github"
      },
      "original": {
        "owner": "hercules-ci",
        "repo": "flake-parts",
        "type": "github"
      }
    },
    "flake-parts_3": {
      "inputs": {
        "nixpkgs-lib": [
          "xalaynix",
          "nixpkgs"
        ]
      },
      "locked": {
        "lastModified": 1777988971,
        "narHash": "sha256-qIoWPDs+0/8JecyYgE3gpKQxW/4bLW/gp45vow9ioCQ=",
        "owner": "hercules-ci",
        "repo": "flake-parts",
        "rev": "0678d8986be1661af6bb555f3489f2fdfc31f6ff",
        "type": "github"
      },
      "original": {
        "owner": "hercules-ci",
        "repo": "flake-parts",
        "type": "github"
      }
    },
    "flake-parts_4": {
      "inputs": {
        "nixpkgs-lib": [
          "xalaynix",
          "xalaynix-wrappers",
          "nixpkgs-lib"
        ]
      },
      "locked": {
        "lastModified": 1777988971,
        "narHash": "sha256-qIoWPDs+0/8JecyYgE3gpKQxW/4bLW/gp45vow9ioCQ=",
        "owner": "hercules-ci",
        "repo": "flake-parts",
        "rev": "0678d8986be1661af6bb555f3489f2fdfc31f6ff",
        "type": "github"
      },
      "original": {
        "owner": "hercules-ci",
        "repo": "flake-parts",
        "type": "github"
      }
    },
    "flake-parts_5": {
      "inputs": {
        "nixpkgs-lib": [
          "xalaynixDesktop",
          "nixpkgs-lib"
        ]
      },
      "locked": {
        "lastModified": 1767609335,
        "narHash": "sha256-feveD98mQpptwrAEggBQKJTYbvwwglSbOv53uCfH9PY=",
        "owner": "hercules-ci",
        "repo": "flake-parts",
        "rev": "250481aafeb741edfe23d29195671c19b36b6dca",
        "type": "github"
      },
      "original": {
        "owner": "hercules-ci",
        "repo": "flake-parts",
        "type": "github"
      }
    },
    "home-manager": {
      "inputs": {
        "nixpkgs": [
          "nixpkgs"
        ]
      },
      "locked": {
        "lastModified": 1778401693,
        "narHash": "sha256-OVHdCqXXUF5UdGkH+FF2ZL06OLZjj2kvP2dIUmzVWoo=",
        "owner": "nix-community",
        "repo": "home-manager",
        "rev": "389b83002efc26f1145e89a6a8e6edc5a6435948",
        "type": "github"
      },
      "original": {
        "owner": "nix-community",
        "ref": "release-25.11",
        "repo": "home-manager",
        "type": "github"
      }
    },
    "home-manager_2": {
      "inputs": {
        "nixpkgs": [
          "impermanence",
          "nixpkgs"
        ]
      },
      "locked": {
        "lastModified": 1768598210,
        "narHash": "sha256-kkgA32s/f4jaa4UG+2f8C225Qvclxnqs76mf8zvTVPg=",
        "owner": "nix-community",
        "repo": "home-manager",
        "rev": "c47b2cc64a629f8e075de52e4742de688f930dc6",
        "type": "github"
      },
      "original": {
        "owner": "nix-community",
        "repo": "home-manager",
        "type": "github"
      }
    },
    "home-manager_3": {
      "inputs": {
        "nixpkgs": [
          "xalaynix",
          "nixpkgs"
        ]
      },
      "locked": {
        "lastModified": 1778401693,
        "narHash": "sha256-OVHdCqXXUF5UdGkH+FF2ZL06OLZjj2kvP2dIUmzVWoo=",
        "owner": "nix-community",
        "repo": "home-manager",
        "rev": "389b83002efc26f1145e89a6a8e6edc5a6435948",
        "type": "github"
      },
      "original": {
        "owner": "nix-community",
        "ref": "release-25.11",
        "repo": "home-manager",
        "type": "github"
      }
    },
    "home-manager_4": {
      "inputs": {
        "nixpkgs": [
          "xalaynixDesktop",
          "nixpkgs"
        ]
      },
      "locked": {
        "lastModified": 1767780135,
        "narHash": "sha256-5SbmsLMgxzPd9YMbFR4IHfOXv6bjWs+dfl6IbSq3r7s=",
        "owner": "nix-community",
        "repo": "home-manager",
        "rev": "c08430923ed417abc653884328a39e98496cfd0f",
        "type": "github"
      },
      "original": {
        "owner": "nix-community",
        "ref": "release-25.11",
        "repo": "home-manager",
        "type": "github"
      }
    },
    "impermanence": {
      "locked": {
        "lastModified": 1737831083,
        "narHash": "sha256-LJggUHbpyeDvNagTUrdhe/pRVp4pnS6wVKALS782gRI=",
        "owner": "nix-community",
        "repo": "impermanence",
        "rev": "4b3e914cdf97a5b536a889e939fb2fd2b043a170",
        "type": "github"
      },
      "original": {
        "owner": "nix-community",
        "repo": "impermanence",
        "type": "github"
      }
    },
    "impermanence_2": {
      "inputs": {
        "home-manager": "home-manager_2",
        "nixpkgs": "nixpkgs"
      },
      "locked": {
        "lastModified": 1769548169,
        "narHash": "sha256-03+JxvzmfwRu+5JafM0DLbxgHttOQZkUtDWBmeUkN8Y=",
        "owner": "nix-community",
        "repo": "impermanence",
        "rev": "7b1d382faf603b6d264f58627330f9faa5cba149",
        "type": "github"
      },
      "original": {
        "owner": "nix-community",
        "repo": "impermanence",
        "type": "github"
      }
    },
    "import-tree": {
      "locked": {
        "lastModified": 1763762820,
        "narHash": "sha256-ZvYKbFib3AEwiNMLsejb/CWs/OL/srFQ8AogkebEPF0=",
        "owner": "vic",
        "repo": "import-tree",
        "rev": "3c23749d8013ec6daa1d7255057590e9ca726646",
        "type": "github"
      },
      "original": {
        "owner": "vic",
        "repo": "import-tree",
        "type": "github"
      }
    },
    "import-tree_2": {
      "locked": {
        "lastModified": 1773693634,
        "narHash": "sha256-BtZ2dtkBdSUnFPPFc+n0kcMbgaTxzFNPv2iaO326Ffg=",
        "owner": "vic",
        "repo": "import-tree",
        "rev": "c41e7d58045f9057880b0d85e1152d6a4430dbf1",
        "type": "github"
      },
      "original": {
        "owner": "vic",
        "repo": "import-tree",
        "type": "github"
      }
    },
    "import-tree_3": {
      "locked": {
        "lastModified": 1773693634,
        "narHash": "sha256-BtZ2dtkBdSUnFPPFc+n0kcMbgaTxzFNPv2iaO326Ffg=",
        "owner": "vic",
        "repo": "import-tree",
        "rev": "c41e7d58045f9057880b0d85e1152d6a4430dbf1",
        "type": "github"
      },
      "original": {
        "owner": "vic",
        "repo": "import-tree",
        "type": "github"
      }
    },
    "import-tree_4": {
      "locked": {
        "lastModified": 1773693634,
        "narHash": "sha256-BtZ2dtkBdSUnFPPFc+n0kcMbgaTxzFNPv2iaO326Ffg=",
        "owner": "vic",
        "repo": "import-tree",
        "rev": "c41e7d58045f9057880b0d85e1152d6a4430dbf1",
        "type": "github"
      },
      "original": {
        "owner": "vic",
        "repo": "import-tree",
        "type": "github"
      }
    },
    "import-tree_5": {
      "locked": {
        "lastModified": 1763762820,
        "narHash": "sha256-ZvYKbFib3AEwiNMLsejb/CWs/OL/srFQ8AogkebEPF0=",
        "owner": "vic",
        "repo": "import-tree",
        "rev": "3c23749d8013ec6daa1d7255057590e9ca726646",
        "type": "github"
      },
      "original": {
        "owner": "vic",
        "repo": "import-tree",
        "type": "github"
      }
    },
    "nixpkgs": {
      "locked": {
        "lastModified": 1768564909,
        "narHash": "sha256-Kell/SpJYVkHWMvnhqJz/8DqQg2b6PguxVWOuadbHCc=",
        "owner": "nixos",
        "repo": "nixpkgs",
        "rev": "e4bae1bd10c9c57b2cf517953ab70060a828ee6f",
        "type": "github"
      },
      "original": {
        "owner": "nixos",
        "ref": "nixos-unstable",
        "repo": "nixpkgs",
        "type": "github"
      }
    },
    "nixpkgs-unstable": {
      "locked": {
        "lastModified": 1777954456,
        "narHash": "sha256-hGdgeU2Nk87RAuZyYjyDjFL6LK7dAZN5RE9+hrDTkDU=",
        "owner": "NixOS",
        "repo": "nixpkgs",
        "rev": "549bd84d6279f9852cae6225e372cc67fb91a4c1",
        "type": "github"
      },
      "original": {
        "owner": "NixOS",
        "ref": "nixos-unstable",
        "repo": "nixpkgs",
        "type": "github"
      }
    },
    "nixpkgs-unstable_2": {
      "locked": {
        "lastModified": 1777954456,
        "narHash": "sha256-hGdgeU2Nk87RAuZyYjyDjFL6LK7dAZN5RE9+hrDTkDU=",
        "owner": "NixOS",
        "repo": "nixpkgs",
        "rev": "549bd84d6279f9852cae6225e372cc67fb91a4c1",
        "type": "github"
      },
      "original": {
        "owner": "NixOS",
        "ref": "nixos-unstable",
        "repo": "nixpkgs",
        "type": "github"
      }
    },
    "nixpkgs_2": {
      "locked": {
        "lastModified": 1778430510,
        "narHash": "sha256-Ti+ZBvW6yrWWAg2szExVTwCd4qOJ3KlVr1tFHfyfi8Q=",
        "owner": "NixOS",
        "repo": "nixpkgs",
        "rev": "8fd9daa3db09ced9700431c5b7ad0e8ba199b575",
        "type": "github"
      },
      "original": {
        "owner": "NixOS",
        "ref": "nixos-25.11",
        "repo": "nixpkgs",
        "type": "github"
      }
    },
    "nixpkgs_3": {
      "locked": {
        "lastModified": 1778430510,
        "narHash": "sha256-Ti+ZBvW6yrWWAg2szExVTwCd4qOJ3KlVr1tFHfyfi8Q=",
        "owner": "NixOS",
        "repo": "nixpkgs",
        "rev": "8fd9daa3db09ced9700431c5b7ad0e8ba199b575",
        "type": "github"
      },
      "original": {
        "owner": "NixOS",
        "ref": "nixos-25.11",
        "repo": "nixpkgs",
        "type": "github"
      }
    },
    "noctalia": {
      "inputs": {
        "nixpkgs": [
          "xalaynix",
          "xalaynix-wrappers",
          "nixpkgs-unstable"
        ],
        "noctalia-qs": "noctalia-qs"
      },
      "locked": {
        "lastModified": 1778464608,
        "narHash": "sha256-tZRvyaKVP0DJ9DSFrr6K/l3X74Orfirk3Jjo7+br4Qs=",
        "owner": "noctalia-dev",
        "repo": "noctalia-shell",
        "rev": "761869a561548874fe7e293b157fd7841576b367",
        "type": "github"
      },
      "original": {
        "owner": "noctalia-dev",
        "repo": "noctalia-shell",
        "type": "github"
      }
    },
    "noctalia-qs": {
      "inputs": {
        "nixpkgs": [
          "xalaynix",
          "xalaynix-wrappers",
          "noctalia",
          "nixpkgs"
        ],
        "systems": "systems_3",
        "treefmt-nix": "treefmt-nix"
      },
      "locked": {
        "lastModified": 1778377995,
        "narHash": "sha256-uUzHDHqQF1rdVNiTa05L0mML3/d7fpbAShjCRWxbrBQ=",
        "owner": "noctalia-dev",
        "repo": "noctalia-qs",
        "rev": "d8327a723eed6dd9aebe8e0b162126f390e827df",
        "type": "github"
      },
      "original": {
        "owner": "noctalia-dev",
        "repo": "noctalia-qs",
        "type": "github"
      }
    },
    "quickshell": {
      "inputs": {
        "nixpkgs": [
          "xalaynix",
          "dms",
          "nixpkgs"
        ]
      },
      "locked": {
        "lastModified": 1776854048,
        "narHash": "sha256-lLbV66V3RMNp1l8/UelmR4YzoJ5ONtgvEtiUMJATH/o=",
        "ref": "refs/heads/master",
        "rev": "783c953987dc56ff0601abe6845ed96f1d00495a",
        "revCount": 806,
        "type": "git",
        "url": "https://git.outfoxxed.me/quickshell/quickshell"
      },
      "original": {
        "rev": "783c953987dc56ff0601abe6845ed96f1d00495a",
        "type": "git",
        "url": "https://git.outfoxxed.me/quickshell/quickshell"
      }
    },
    "quickshell_2": {
      "inputs": {
        "nixpkgs": [
          "xalaynix",
          "xalaynix-wrappers",
          "dms",
          "nixpkgs"
        ]
      },
      "locked": {
        "lastModified": 1776854048,
        "narHash": "sha256-lLbV66V3RMNp1l8/UelmR4YzoJ5ONtgvEtiUMJATH/o=",
        "ref": "refs/heads/master",
        "rev": "783c953987dc56ff0601abe6845ed96f1d00495a",
        "revCount": 806,
        "type": "git",
        "url": "https://git.outfoxxed.me/quickshell/quickshell"
      },
      "original": {
        "rev": "783c953987dc56ff0601abe6845ed96f1d00495a",
        "type": "git",
        "url": "https://git.outfoxxed.me/quickshell/quickshell"
      }
    },
    "quickshell_3": {
      "inputs": {
        "nixpkgs": [
          "xalaynixDesktop",
          "dms",
          "nixpkgs"
        ]
      },
      "locked": {
        "lastModified": 1764663772,
        "narHash": "sha256-sHqLmm0wAt3PC4vczJeBozI1/f4rv9yp3IjkClHDXDs=",
        "ref": "refs/heads/master",
        "rev": "26531fc46ef17e9365b03770edd3fb9206fcb460",
        "revCount": 713,
        "type": "git",
        "url": "https://git.outfoxxed.me/quickshell/quickshell"
      },
      "original": {
        "rev": "26531fc46ef17e9365b03770edd3fb9206fcb460",
        "type": "git",
        "url": "https://git.outfoxxed.me/quickshell/quickshell"
      }
    },
    "root": {
      "inputs": {
        "cleanslate": "cleanslate",
        "disko": "disko_2",
        "flake-file": "flake-file_2",
        "flake-parts": "flake-parts_2",
        "home-manager": "home-manager",
        "impermanence": "impermanence_2",
        "import-tree": "import-tree_2",
        "nixpkgs": "nixpkgs_2",
        "nixpkgs-lib": [
          "nixpkgs"
        ],
        "systems": "systems_2",
        "xalaynix": "xalaynix",
        "xalaynixDesktop": "xalaynixDesktop"
      }
    },
    "systems": {
      "locked": {
        "lastModified": 1681028828,
        "narHash": "sha256-Vy1rq5AaRuLzOxct8nz4T6wlgyUR7zLU309k9mBC768=",
        "owner": "nix-systems",
        "repo": "default",
        "rev": "da67096a3b9bf56a91d16901293e51ba5b49a27e",
        "type": "github"
      },
      "original": {
        "owner": "nix-systems",
        "repo": "default",
        "type": "github"
      }
    },
    "systems_2": {
      "locked": {
        "lastModified": 1681028828,
        "narHash": "sha256-Vy1rq5AaRuLzOxct8nz4T6wlgyUR7zLU309k9mBC768=",
        "owner": "nix-systems",
        "repo": "default",
        "rev": "da67096a3b9bf56a91d16901293e51ba5b49a27e",
        "type": "github"
      },
      "original": {
        "owner": "nix-systems",
        "repo": "default",
        "type": "github"
      }
    },
    "systems_3": {
      "locked": {
        "lastModified": 1689347949,
        "narHash": "sha256-12tWmuL2zgBgZkdoB6qXZsgJEH9LR3oUgpaQq2RbI80=",
        "owner": "nix-systems",
        "repo": "default-linux",
        "rev": "31732fcf5e8fea42e59c2488ad31a0e651500f68",
        "type": "github"
      },
      "original": {
        "owner": "nix-systems",
        "repo": "default-linux",
        "type": "github"
      }
    },
    "systems_4": {
      "locked": {
        "lastModified": 1681028828,
        "narHash": "sha256-Vy1rq5AaRuLzOxct8nz4T6wlgyUR7zLU309k9mBC768=",
        "owner": "nix-systems",
        "repo": "default",
        "rev": "da67096a3b9bf56a91d16901293e51ba5b49a27e",
        "type": "github"
      },
      "original": {
        "owner": "nix-systems",
        "repo": "default",
        "type": "github"
      }
    },
    "systems_5": {
      "locked": {
        "lastModified": 1681028828,
        "narHash": "sha256-Vy1rq5AaRuLzOxct8nz4T6wlgyUR7zLU309k9mBC768=",
        "owner": "nix-systems",
        "repo": "default",
        "rev": "da67096a3b9bf56a91d16901293e51ba5b49a27e",
        "type": "github"
      },
      "original": {
        "owner": "nix-systems",
        "repo": "default",
        "type": "github"
      }
    },
    "treefmt-nix": {
      "inputs": {
        "nixpkgs": [
          "xalaynix",
          "xalaynix-wrappers",
          "noctalia",
          "noctalia-qs",
          "nixpkgs"
        ]
      },
      "locked": {
        "lastModified": 1775636079,
        "narHash": "sha256-pc20NRoMdiar8oPQceQT47UUZMBTiMdUuWrYu2obUP0=",
        "owner": "numtide",
        "repo": "treefmt-nix",
        "rev": "790751ff7fd3801feeaf96d7dc416a8d581265ba",
        "type": "github"
      },
      "original": {
        "owner": "numtide",
        "repo": "treefmt-nix",
        "type": "github"
      }
    },
    "wrapper-modules": {
      "inputs": {
        "nixpkgs": [
          "xalaynix",
          "xalaynix-wrappers",
          "nixpkgs"
        ]
      },
      "locked": {
        "lastModified": 1778520701,
        "narHash": "sha256-qEA/vR6fKwnW3lqwy7f+Ds1iPgdotKpksQIk6UZotlM=",
        "owner": "BirdeeHub",
        "repo": "nix-wrapper-modules",
        "rev": "5660d8cada6c2c5eb6c034577f3893f579526804",
        "type": "github"
      },
      "original": {
        "owner": "BirdeeHub",
        "repo": "nix-wrapper-modules",
        "type": "github"
      }
    },
    "xalaynix": {
      "inputs": {
        "dgop": "dgop",
        "disko": "disko_3",
        "dms": "dms",
        "flake-file": "flake-file_3",
        "flake-parts": "flake-parts_3",
        "home-manager": "home-manager_3",
        "import-tree": "import-tree_3",
        "nixpkgs": [
          "nixpkgs"
        ],
        "nixpkgs-lib": [
          "xalaynix",
          "nixpkgs"
        ],
        "nixpkgs-unstable": "nixpkgs-unstable",
        "xalaynix-wrappers": "xalaynix-wrappers"
      },
      "locked": {
        "lastModified": 1778595185,
        "narHash": "sha256-JPNjzMj3c9rxCc+heMRDgeVhhwcryVepr8HtEi44ewM=",
        "owner": "alex-kumpula",
        "repo": "xalaynix-modules",
        "rev": "2d7af4ffe1a080274c98bd56a3c70a5341fd1d18",
        "type": "github"
      },
      "original": {
        "owner": "alex-kumpula",
        "repo": "xalaynix-modules",
        "type": "github"
      }
    },
    "xalaynix-wrappers": {
      "inputs": {
        "dgop": "dgop_2",
        "dms": "dms_2",
        "flake-file": "flake-file_4",
        "flake-parts": "flake-parts_4",
        "import-tree": "import-tree_4",
        "nixpkgs": "nixpkgs_3",
        "nixpkgs-lib": [
          "xalaynix",
          "xalaynix-wrappers",
          "nixpkgs"
        ],
        "nixpkgs-unstable": "nixpkgs-unstable_2",
        "noctalia": "noctalia",
        "systems": "systems_4",
        "wrapper-modules": "wrapper-modules"
      },
      "locked": {
        "lastModified": 1778594900,
        "narHash": "sha256-ElP+Dn5Om+qsMxQao/6J2SfuEzzddRI7cbAVW+x0UEk=",
        "owner": "alex-kumpula",
        "repo": "xalaynix-wrappers",
        "rev": "36f18acf98e63fb89e9651be557a8bf3c1ab68d3",
        "type": "github"
      },
      "original": {
        "owner": "alex-kumpula",
        "repo": "xalaynix-wrappers",
        "type": "github"
      }
    },
    "xalaynixDesktop": {
      "inputs": {
        "dms": "dms_3",
        "flake-file": "flake-file_5",
        "flake-parts": "flake-parts_5",
        "home-manager": "home-manager_4",
        "import-tree": "import-tree_5",
        "nixpkgs": [
          "nixpkgs"
        ],
        "nixpkgs-lib": [
          "xalaynixDesktop",
          "nixpkgs"
        ],
        "systems": "systems_5"
      },
      "locked": {
        "lastModified": 1768020305,
        "narHash": "sha256-BGMWV79sDHaOIyPCxoDsqM55rsSqOTJMeanbdKMKkBI=",
        "owner": "alex-kumpula",
        "repo": "xalaynix-desktop",
        "rev": "4952e229604e6dd0770844030b90530ef19024e1",
        "type": "github"
      },
      "original": {
        "owner": "alex-kumpula",
        "repo": "xalaynix-desktop",
        "type": "github"
      }
    }
  },
  "root": "root",
  "version": 7
}
